# This file is automatically @generated by Wally.
# It is not intended for manual editing.
registry = "test"

[[package]]
name = "alexanderlindholt/signalplus"
version = "3.7.2"
dependencies = []

[[package]]
name = "sleitnick/trove"
version = "1.8.0"
dependencies = []

[[package]]
name = "zebronr/superchefs"
version = "0.1.0"
dependencies = [["Signal", "alexanderlindholt/signalplus@3.7.2"], ["Trove", "sleitnick/trove@1.8.0"]]
